{
  "version": 4,
  "terraform_version": "1.3.1",
  "serial": 529,
  "lineage": "5ae134a5-c0aa-6562-af33-166545f57a3b",
  "outputs": {},
  "resources": [
    {
      "module": "module.bastion",
      "mode": "managed",
      "type": "aws_eip",
      "name": "ip",
      "provider": "provider[\"registry.terraform.io/hashicorp/aws\"]",
      "instances": [
        {
          "schema_version": 0,
          "attributes": {
            "address": null,
            "allocation_id": "eipalloc-033f1af2ec7e72c57",
            "associate_with_private_ip": null,
            "association_id": "eipassoc-0343bb2d6f361dcee",
            "carrier_ip": "",
            "customer_owned_ip": "",
            "customer_owned_ipv4_pool": "",
            "domain": "vpc",
            "id": "eipalloc-033f1af2ec7e72c57",
            "instance": "i-016e6774abe859ec5",
            "network_border_group": "ap-south-1",
            "network_interface": "eni-049e066b15e9d8b2d",
            "private_dns": "ip-10-185-0-38.ap-south-1.compute.internal",
            "private_ip": "10.185.0.38",
            "public_dns": "ec2-13-232-89-244.ap-south-1.compute.amazonaws.com",
            "public_ip": "13.232.89.244",
            "public_ipv4_pool": "amazon",
            "tags": {
              "Name": "bastion_eip"
            },
            "tags_all": {
              "Name": "bastion_eip"
            },
            "timeouts": null,
            "vpc": true
          },
          "sensitive_attributes": [],
          "private": "eyJlMmJmYjczMC1lY2FhLTExZTYtOGY4OC0zNDM2M2JjN2M0YzAiOnsiZGVsZXRlIjoxODAwMDAwMDAwMDAsInJlYWQiOjkwMDAwMDAwMDAwMCwidXBkYXRlIjozMDAwMDAwMDAwMDB9fQ==",
          "dependencies": [
            "module.bastion.aws_instance.bastion",
            "module.bastion.aws_key_pair.bastion-keypair-dev",
            "module.bastion.aws_security_group.bastion-sg",
            "module.network.aws_subnet.public-subnet",
            "module.network.aws_vpc.main-vpc"
          ]
        }
      ]
    },
    {
      "module": "module.bastion",
      "mode": "managed",
      "type": "aws_instance",
      "name": "bastion",
      "provider": "provider[\"registry.terraform.io/hashicorp/aws\"]",
      "instances": [
        {
          "schema_version": 1,
          "attributes": {
            "ami": "ami-0e6329e222e662a52",
            "arn": "arn:aws:ec2:ap-south-1:503237308475:instance/i-016e6774abe859ec5",
            "associate_public_ip_address": true,
            "availability_zone": "ap-south-1a",
            "capacity_reservation_specification": [
              {
                "capacity_reservation_preference": "open",
                "capacity_reservation_target": []
              }
            ],
            "cpu_core_count": 1,
            "cpu_threads_per_core": 1,
            "credit_specification": [
              {
                "cpu_credits": "standard"
              }
            ],
            "disable_api_stop": false,
            "disable_api_termination": false,
            "ebs_block_device": [],
            "ebs_optimized": false,
            "enclave_options": [
              {
                "enabled": false
              }
            ],
            "ephemeral_block_device": [],
            "get_password_data": false,
            "hibernation": false,
            "host_id": null,
            "host_resource_group_arn": null,
            "iam_instance_profile": "",
            "id": "i-016e6774abe859ec5",
            "instance_initiated_shutdown_behavior": "stop",
            "instance_state": "running",
            "instance_type": "t2.micro",
            "ipv6_address_count": 0,
            "ipv6_addresses": [],
            "key_name": "bastion-keypair-dev",
            "launch_template": [],
            "maintenance_options": [
              {
                "auto_recovery": "default"
              }
            ],
            "metadata_options": [
              {
                "http_endpoint": "enabled",
                "http_put_response_hop_limit": 1,
                "http_tokens": "optional",
                "instance_metadata_tags": "disabled"
              }
            ],
            "monitoring": false,
            "network_interface": [],
            "outpost_arn": "",
            "password_data": "",
            "placement_group": "",
            "placement_partition_number": null,
            "primary_network_interface_id": "eni-049e066b15e9d8b2d",
            "private_dns": "ip-10-185-0-38.ap-south-1.compute.internal",
            "private_dns_name_options": [
              {
                "enable_resource_name_dns_a_record": false,
                "enable_resource_name_dns_aaaa_record": false,
                "hostname_type": "ip-name"
              }
            ],
            "private_ip": "10.185.0.38",
            "public_dns": "ec2-13-232-89-244.ap-south-1.compute.amazonaws.com",
            "public_ip": "13.232.89.244",
            "root_block_device": [
              {
                "delete_on_termination": true,
                "device_name": "/dev/xvda",
                "encrypted": false,
                "iops": 150,
                "kms_key_id": "",
                "tags": {},
                "throughput": 0,
                "volume_id": "vol-06859ea2a424cf2c0",
                "volume_size": 50,
                "volume_type": "gp2"
              }
            ],
            "secondary_private_ips": [],
            "security_groups": [],
            "source_dest_check": true,
            "subnet_id": "subnet-0bb688115720e1cd2",
            "tags": {
              "Name": "bastionHost"
            },
            "tags_all": {
              "Name": "bastionHost"
            },
            "tenancy": "default",
            "timeouts": null,
            "user_data": null,
            "user_data_base64": null,
            "user_data_replace_on_change": false,
            "volume_tags": null,
            "vpc_security_group_ids": [
              "sg-0d392d20eeaae94c5"
            ]
          },
          "sensitive_attributes": [],
          "private": "eyJlMmJmYjczMC1lY2FhLTExZTYtOGY4OC0zNDM2M2JjN2M0YzAiOnsiY3JlYXRlIjo2MDAwMDAwMDAwMDAsImRlbGV0ZSI6MTIwMDAwMDAwMDAwMCwidXBkYXRlIjo2MDAwMDAwMDAwMDB9LCJzY2hlbWFfdmVyc2lvbiI6IjEifQ==",
          "dependencies": [
            "module.bastion.aws_key_pair.bastion-keypair-dev",
            "module.bastion.aws_security_group.bastion-sg",
            "module.network.aws_subnet.public-subnet",
            "module.network.aws_vpc.main-vpc"
          ]
        }
      ]
    },
    {
      "module": "module.bastion",
      "mode": "managed",
      "type": "aws_key_pair",
      "name": "bastion-keypair-dev",
      "provider": "provider[\"registry.terraform.io/hashicorp/aws\"]",
      "instances": [
        {
          "schema_version": 1,
          "attributes": {
            "arn": "arn:aws:ec2:ap-south-1:503237308475:key-pair/bastion-keypair-dev",
            "fingerprint": "8e:94:40:1a:14:de:24:b6:38:10:0e:f1:f8:29:28:23",
            "id": "bastion-keypair-dev",
            "key_name": "bastion-keypair-dev",
            "key_name_prefix": "",
            "key_pair_id": "key-046424f9f087532f1",
            "key_type": "rsa",
            "public_key": "ssh-rsa AAAAB3NzaC1yc2EAAAADAQABAAACAQDryS9sm11sVjv3zAO3PLOvlOE/pt125cj1EyEhEe5UvQFrq2CcuBB2t0Xnjnqc9279rgFO7rnNM7RzREfCVlYpwOz3NZZIDkp9cTGY0CgN3DfzRQpuzSKs5FaWy/f9CEX7Z6cuE7lznd5ELdNySFJ/pV7hsscakTSVa4qxAr6s5T8QAIAHFMAsZg+cRTD4AoqXnMkwB+s54Ft80iaEq+kVSQx+zQUiTP/RqdtdJw1VzkG/smXFNbHHncgVKqVvrJt3T/EoiMCmNnZP9s3sZAaVh+Jjw6hxdGwsZeh8EsWdRm53iZ4SORya7OcSBD0rsaAFWUFMmbGLndaA4eziIik67pcUECIH8BwBDbGtpu6pStmurbJrMvEc8zErh8Sfb3bGKYhVXzULAmux4gxgnF96QzqWraqkdhJ5KOoYVdMsc2F+im71FcLqp23RQ75VeBu+0JDJ0Q70FrUtJNm8qqZZ73DInLR8JD8Qg5GxbnAvIvf9DFoSqlEPjBaI/M3ZEvAAwwyxUcKPvfV4DlsV/xGFp/IKQpiVHqa4uF4JIqKan+k410HDQathbUfhd9yzY7uN5kzQNlh8UyEUGlsxX+bhLTfuj7NcjM2KpOVxiXc7NKqLKF8TA1Gbem+AiFpnoDEHok+7epT/wlBw4jKEM88BkuBKJIm6IfF6bLzbU/l8Tw== mzc@DESKTOP-NBTDKCV",
            "tags": {},
            "tags_all": {}
          },
          "sensitive_attributes": [],
          "private": "eyJzY2hlbWFfdmVyc2lvbiI6IjEifQ=="
        }
      ]
    },
    {
      "module": "module.bastion",
      "mode": "managed",
      "type": "aws_security_group",
      "name": "bastion-sg",
      "provider": "provider[\"registry.terraform.io/hashicorp/aws\"]",
      "instances": [
        {
          "schema_version": 1,
          "attributes": {
            "arn": "arn:aws:ec2:ap-south-1:503237308475:security-group/sg-0d392d20eeaae94c5",
            "description": "Managed by Terraform",
            "egress": [
              {
                "cidr_blocks": [
                  "0.0.0.0/0"
                ],
                "description": "",
                "from_port": 0,
                "ipv6_cidr_blocks": [],
                "prefix_list_ids": [],
                "protocol": "-1",
                "security_groups": [],
                "self": false,
                "to_port": 0
              }
            ],
            "id": "sg-0d392d20eeaae94c5",
            "ingress": [
              {
                "cidr_blocks": [
                  "218.156.136.117/32"
                ],
                "description": "",
                "from_port": 22,
                "ipv6_cidr_blocks": [],
                "prefix_list_ids": [],
                "protocol": "tcp",
                "security_groups": [],
                "self": false,
                "to_port": 22
              }
            ],
            "name": "bastion-sg",
            "name_prefix": "",
            "owner_id": "503237308475",
            "revoke_rules_on_delete": false,
            "tags": {
              "Name": "bastion-sg"
            },
            "tags_all": {
              "Name": "bastion-sg"
            },
            "timeouts": null,
            "vpc_id": "vpc-0ae97240f9aafbc59"
          },
          "sensitive_attributes": [],
          "private": "eyJlMmJmYjczMC1lY2FhLTExZTYtOGY4OC0zNDM2M2JjN2M0YzAiOnsiY3JlYXRlIjo2MDAwMDAwMDAwMDAsImRlbGV0ZSI6OTAwMDAwMDAwMDAwfSwic2NoZW1hX3ZlcnNpb24iOiIxIn0=",
          "dependencies": [
            "module.network.aws_vpc.main-vpc"
          ]
        }
      ]
    },
    {
      "module": "module.ecr",
      "mode": "managed",
      "type": "aws_ecr_repository",
      "name": "cookalone-dev-ecr",
      "provider": "provider[\"registry.terraform.io/hashicorp/aws\"]",
      "instances": [
        {
          "schema_version": 0,
          "attributes": {
            "arn": "arn:aws:ecr:ap-south-1:503237308475:repository/cookalone-ecr",
            "encryption_configuration": [
              {
                "encryption_type": "AES256",
                "kms_key": ""
              }
            ],
            "force_delete": null,
            "id": "cookalone-ecr",
            "image_scanning_configuration": [
              {
                "scan_on_push": false
              }
            ],
            "image_tag_mutability": "MUTABLE",
            "name": "cookalone-ecr",
            "registry_id": "503237308475",
            "repository_url": "503237308475.dkr.ecr.ap-south-1.amazonaws.com/cookalone-ecr",
            "tags": {},
            "tags_all": {},
            "timeouts": null
          },
          "sensitive_attributes": [],
          "private": "eyJlMmJmYjczMC1lY2FhLTExZTYtOGY4OC0zNDM2M2JjN2M0YzAiOnsiZGVsZXRlIjoxMjAwMDAwMDAwMDAwfX0="
        }
      ]
    },
    {
      "module": "module.eks",
      "mode": "managed",
      "type": "aws_eks_cluster",
      "name": "cluster",
      "provider": "provider[\"registry.terraform.io/hashicorp/aws\"]",
      "instances": [
        {
          "schema_version": 0,
          "attributes": {
            "arn": "arn:aws:eks:ap-south-1:503237308475:cluster/cookalone-cluster",
            "certificate_authority": [
              {
                "data": "LS0tLS1CRUdJTiBDRVJUSUZJQ0FURS0tLS0tCk1JSUM1ekNDQWMrZ0F3SUJBZ0lCQURBTkJna3Foa2lHOXcwQkFRc0ZBREFWTVJNd0VRWURWUVFERXdwcmRXSmwKY201bGRHVnpNQjRYRFRJeU1UQXlNREEyTVRFME4xb1hEVE15TVRBeE56QTJNVEUwTjFvd0ZURVRNQkVHQTFVRQpBeE1LYTNWaVpYSnVaWFJsY3pDQ0FTSXdEUVlKS29aSWh2Y05BUUVCQlFBRGdnRVBBRENDQVFvQ2dnRUJBTHVMCmgzSG5hZ0hHeHFPRlUwcTFUMEJqWnlvbldVUzVFbXV5Zks3SnJxQmZiMk1RWnN3cTJDZzFwL3kvbGF5dXRBWU0KVnZQdzllVVdrUTVhdy9OV05OTHVTWkY1V1ZSYnNxcGpoeWRhRStsYy9ZVTdrMklkcmNJYjMyOUFsNnYwaklrVAp2SDV5SDZMU3VSQVdwbFp6WGlYUGR3bzVLajhwTG54ZkNsNjRsL1E3NzRaeU5QdnhadzMyYXJIc2dPTmRRR0JxClBsdGE1VUtBUUFCSk1teGMyY2h0cWhWN2Y5bnE1SThvdTlzV0xIR0UxbkRQcXB5d0VVMnJnTFV2NHlZM1A5cFYKZE95Q1JTVUtnWThNRW1Mb2IwOU5IMGVYMyszSXdwUmROdmlEMlpqVWdWbFpCQitZY2Y2ckdaR0FDd09MczdXYgpZek82cGZHRFlGYUg5aWxoTkxNQ0F3RUFBYU5DTUVBd0RnWURWUjBQQVFIL0JBUURBZ0trTUE4R0ExVWRFd0VCCi93UUZNQU1CQWY4d0hRWURWUjBPQkJZRUZKWXBhYkxFbkZGYnBSOHdVanBsYkdMSVN0WjRNQTBHQ1NxR1NJYjMKRFFFQkN3VUFBNElCQVFDMFpqY3M5Z2o2MFpjQzFSY29id3dSRTdQdXk3c2JBUk8zTlMwa2NpRTJjeFRlSURPRgpkZ1Q1WjYvbk5Ib1lwUTZZcHl4akN5Q0NCUEFYZGNWT2Fsbkd0OFh5emdFYjlLMDlPM1E3K3daRzdJRDNGeFA5CnJLM1liSTVCb1Y2YUtBWEhkTndSN3YzUExOZDRUajVQNnY4QUxQdUJkNCtWRlRqZ2FSUGNEUjMxWERBd1lKSmUKeUlDQkZjNjNFT1k2SUFzcm5aVHFUMGxRTlZDOGY2eDJGV3FNQ2ZoblhWWkI4UTlkc0xFS0o4UjhtWlErRE12NQo0Tk44cHNQTHJwV3drRVVCQUpSZnh3N3Q2Szh2Um5teUZkenZEUnJGRmxlbTlQNEtPWkliaEtRd1MrQVNCU3VtCkJXbHFEaXFkQWN5d092c0o4bFRKcktxWFl6RUZDYVphazBScQotLS0tLUVORCBDRVJUSUZJQ0FURS0tLS0tCg=="
              }
            ],
            "created_at": "2022-10-20 06:06:42.19 +0000 UTC",
            "enabled_cluster_log_types": [
              "api",
              "audit",
              "authenticator",
              "controllerManager",
              "scheduler"
            ],
            "encryption_config": [],
            "endpoint": "https://FAA4F1DFB995790F36F897163A809A6E.sk1.ap-south-1.eks.amazonaws.com",
            "id": "cookalone-cluster",
            "identity": [
              {
                "oidc": [
                  {
                    "issuer": "https://oidc.eks.ap-south-1.amazonaws.com/id/FAA4F1DFB995790F36F897163A809A6E"
                  }
                ]
              }
            ],
            "kubernetes_network_config": [
              {
                "ip_family": "ipv4",
                "service_ipv4_cidr": "172.20.0.0/16"
              }
            ],
            "name": "cookalone-cluster",
            "outpost_config": [],
            "platform_version": "eks.11",
            "role_arn": "arn:aws:iam::503237308475:role/cookalone-eks-cluster-role",
            "status": "ACTIVE",
            "tags": {},
            "tags_all": {},
            "timeouts": null,
            "version": "1.21",
            "vpc_config": [
              {
                "cluster_security_group_id": "sg-0f3d49410cd70f7f7",
                "endpoint_private_access": true,
                "endpoint_public_access": true,
                "public_access_cidrs": [
                  "0.0.0.0/0"
                ],
                "security_group_ids": [
                  "sg-07e07ca07552f8cf2"
                ],
                "subnet_ids": [
                  "subnet-0af3e030a98988304",
                  "subnet-0af8ac2a7218ab9ac"
                ],
                "vpc_id": "vpc-0ae97240f9aafbc59"
              }
            ]
          },
          "sensitive_attributes": [],
          "private": "eyJlMmJmYjczMC1lY2FhLTExZTYtOGY4OC0zNDM2M2JjN2M0YzAiOnsiY3JlYXRlIjoxODAwMDAwMDAwMDAwLCJkZWxldGUiOjkwMDAwMDAwMDAwMCwidXBkYXRlIjozNjAwMDAwMDAwMDAwfX0=",
          "dependencies": [
            "module.eks.aws_iam_role.cluster-role",
            "module.eks.aws_iam_role_policy_attachment.cluster_AmazonEKSClusterPolicy",
            "module.eks.aws_iam_role_policy_attachment.cluster_AmazonEKSVPCResourceController",
            "module.eks.aws_security_group.cluster-sg",
            "module.network.aws_subnet.private-subnet",
            "module.network.aws_vpc.main-vpc"
          ]
        }
      ]
    },
    {
      "module": "module.eks",
      "mode": "managed",
      "type": "aws_eks_node_group",
      "name": "worker-node-group",
      "provider": "provider[\"registry.terraform.io/hashicorp/aws\"]",
      "instances": [
        {
          "schema_version": 0,
          "attributes": {
            "ami_type": "AL2_x86_64",
            "arn": "arn:aws:eks:ap-south-1:503237308475:nodegroup/cookalone-cluster/cookalone-cluster-worker-node/62c1fc22-599c-6a06-bd1a-38672bef2543",
            "capacity_type": "ON_DEMAND",
            "cluster_name": "cookalone-cluster",
            "disk_size": 50,
            "force_update_version": null,
            "id": "cookalone-cluster:cookalone-cluster-worker-node",
            "instance_types": [
              "m5.xlarge"
            ],
            "labels": {
              "role": "terraform-eks-m5-large"
            },
            "launch_template": [],
            "node_group_name": "cookalone-cluster-worker-node",
            "node_group_name_prefix": "",
            "node_role_arn": "arn:aws:iam::503237308475:role/cookalone-cluster-managed-worker-node",
            "release_version": "1.21.14-20220926",
            "remote_access": [
              {
                "ec2_ssh_key": "eks-keypair-dev",
                "source_security_group_ids": []
              }
            ],
            "resources": [
              {
                "autoscaling_groups": [
                  {
                    "name": "eks-cookalone-cluster-worker-node-62c1fc22-599c-6a06-bd1a-38672bef2543"
                  }
                ],
                "remote_access_security_group_id": "sg-090087c87ab9659c0"
              }
            ],
            "scaling_config": [
              {
                "desired_size": 2,
                "max_size": 2,
                "min_size": 2
              }
            ],
            "status": "ACTIVE",
            "subnet_ids": [
              "subnet-0af3e030a98988304",
              "subnet-0af8ac2a7218ab9ac"
            ],
            "tags": {
              "Name": "cookalone-cluster-worker-node"
            },
            "tags_all": {
              "Name": "cookalone-cluster-worker-node"
            },
            "taint": [],
            "timeouts": null,
            "update_config": [
              {
                "max_unavailable": 1,
                "max_unavailable_percentage": 0
              }
            ],
            "version": "1.21"
          },
          "sensitive_attributes": [],
          "private": "eyJlMmJmYjczMC1lY2FhLTExZTYtOGY4OC0zNDM2M2JjN2M0YzAiOnsiY3JlYXRlIjozNjAwMDAwMDAwMDAwLCJkZWxldGUiOjM2MDAwMDAwMDAwMDAsInVwZGF0ZSI6MzYwMDAwMDAwMDAwMH19",
          "dependencies": [
            "module.eks.aws_eks_cluster.cluster",
            "module.eks.aws_iam_role.cluster-role",
            "module.eks.aws_iam_role.worker-iam-role",
            "module.eks.aws_iam_role_policy_attachment.cluster_AmazonEKSClusterPolicy",
            "module.eks.aws_iam_role_policy_attachment.cluster_AmazonEKSVPCResourceController",
            "module.eks.aws_iam_role_policy_attachment.node-AmazonEC2ContainerRegistryReadOnly",
            "module.eks.aws_iam_role_policy_attachment.node-AmazonEKSWorkerNodePolicy",
            "module.eks.aws_iam_role_policy_attachment.node-AmazonEKS_CNI_Policy",
            "module.eks.aws_key_pair.eks-keypair-dev",
            "module.eks.aws_security_group.cluster-sg",
            "module.network.aws_subnet.private-subnet",
            "module.network.aws_vpc.main-vpc"
          ]
        }
      ]
    },
    {
      "module": "module.eks",
      "mode": "managed",
      "type": "aws_iam_role",
      "name": "cluster-role",
      "provider": "provider[\"registry.terraform.io/hashicorp/aws\"]",
      "instances": [
        {
          "schema_version": 0,
          "attributes": {
            "arn": "arn:aws:iam::503237308475:role/cookalone-eks-cluster-role",
            "assume_role_policy": "{\"Statement\":[{\"Action\":\"sts:AssumeRole\",\"Effect\":\"Allow\",\"Principal\":{\"Service\":\"eks.amazonaws.com\"}}],\"Version\":\"2012-10-17\"}",
            "create_date": "2022-10-20T05:48:59Z",
            "description": "",
            "force_detach_policies": false,
            "id": "cookalone-eks-cluster-role",
            "inline_policy": [],
            "managed_policy_arns": [
              "arn:aws:iam::aws:policy/AmazonEKSClusterPolicy",
              "arn:aws:iam::aws:policy/AmazonEKSVPCResourceController"
            ],
            "max_session_duration": 3600,
            "name": "cookalone-eks-cluster-role",
            "name_prefix": "",
            "path": "/",
            "permissions_boundary": null,
            "tags": {},
            "tags_all": {},
            "unique_id": "AROAXKK2H6A5X3SEXOAMI"
          },
          "sensitive_attributes": [],
          "private": "bnVsbA=="
        }
      ]
    },
    {
      "module": "module.eks",
      "mode": "managed",
      "type": "aws_iam_role",
      "name": "worker-iam-role",
      "provider": "provider[\"registry.terraform.io/hashicorp/aws\"]",
      "instances": [
        {
          "schema_version": 0,
          "attributes": {
            "arn": "arn:aws:iam::503237308475:role/cookalone-cluster-managed-worker-node",
            "assume_role_policy": "{\"Statement\":[{\"Action\":\"sts:AssumeRole\",\"Effect\":\"Allow\",\"Principal\":{\"Service\":\"ec2.amazonaws.com\"}}],\"Version\":\"2012-10-17\"}",
            "create_date": "2022-10-20T05:48:57Z",
            "description": "",
            "force_detach_policies": false,
            "id": "cookalone-cluster-managed-worker-node",
            "inline_policy": [],
            "managed_policy_arns": [
              "arn:aws:iam::aws:policy/AmazonEC2ContainerRegistryReadOnly",
              "arn:aws:iam::aws:policy/AmazonEKSWorkerNodePolicy",
              "arn:aws:iam::aws:policy/AmazonEKS_CNI_Policy"
            ],
            "max_session_duration": 3600,
            "name": "cookalone-cluster-managed-worker-node",
            "name_prefix": "",
            "path": "/",
            "permissions_boundary": null,
            "tags": {
              "Name": "cookalone-cluster-worker-node-iam-role"
            },
            "tags_all": {
              "Name": "cookalone-cluster-worker-node-iam-role"
            },
            "unique_id": "AROAXKK2H6A5X7SVW536O"
          },
          "sensitive_attributes": [],
          "private": "bnVsbA=="
        }
      ]
    },
    {
      "module": "module.eks",
      "mode": "managed",
      "type": "aws_iam_role_policy_attachment",
      "name": "cluster_AmazonEKSClusterPolicy",
      "provider": "provider[\"registry.terraform.io/hashicorp/aws\"]",
      "instances": [
        {
          "schema_version": 0,
          "attributes": {
            "id": "cookalone-eks-cluster-role-20221020054900633800000004",
            "policy_arn": "arn:aws:iam::aws:policy/AmazonEKSClusterPolicy",
            "role": "cookalone-eks-cluster-role"
          },
          "sensitive_attributes": [],
          "private": "bnVsbA==",
          "dependencies": [
            "module.eks.aws_iam_role.cluster-role"
          ]
        }
      ]
    },
    {
      "module": "module.eks",
      "mode": "managed",
      "type": "aws_iam_role_policy_attachment",
      "name": "cluster_AmazonEKSVPCResourceController",
      "provider": "provider[\"registry.terraform.io/hashicorp/aws\"]",
      "instances": [
        {
          "schema_version": 0,
          "attributes": {
            "id": "cookalone-eks-cluster-role-20221020054900639500000005",
            "policy_arn": "arn:aws:iam::aws:policy/AmazonEKSVPCResourceController",
            "role": "cookalone-eks-cluster-role"
          },
          "sensitive_attributes": [],
          "private": "bnVsbA==",
          "dependencies": [
            "module.eks.aws_iam_role.cluster-role"
          ]
        }
      ]
    },
    {
      "module": "module.eks",
      "mode": "managed",
      "type": "aws_iam_role_policy_attachment",
      "name": "node-AmazonEC2ContainerRegistryReadOnly",
      "provider": "provider[\"registry.terraform.io/hashicorp/aws\"]",
      "instances": [
        {
          "schema_version": 0,
          "attributes": {
            "id": "cookalone-cluster-managed-worker-node-20221020054859026100000003",
            "policy_arn": "arn:aws:iam::aws:policy/AmazonEC2ContainerRegistryReadOnly",
            "role": "cookalone-cluster-managed-worker-node"
          },
          "sensitive_attributes": [],
          "private": "bnVsbA==",
          "dependencies": [
            "module.eks.aws_iam_role.worker-iam-role"
          ]
        }
      ]
    },
    {
      "module": "module.eks",
      "mode": "managed",
      "type": "aws_iam_role_policy_attachment",
      "name": "node-AmazonEKSWorkerNodePolicy",
      "provider": "provider[\"registry.terraform.io/hashicorp/aws\"]",
      "instances": [
        {
          "schema_version": 0,
          "attributes": {
            "id": "cookalone-cluster-managed-worker-node-20221020054859008200000001",
            "policy_arn": "arn:aws:iam::aws:policy/AmazonEKSWorkerNodePolicy",
            "role": "cookalone-cluster-managed-worker-node"
          },
          "sensitive_attributes": [],
          "private": "bnVsbA==",
          "dependencies": [
            "module.eks.aws_iam_role.worker-iam-role"
          ]
        }
      ]
    },
    {
      "module": "module.eks",
      "mode": "managed",
      "type": "aws_iam_role_policy_attachment",
      "name": "node-AmazonEKS_CNI_Policy",
      "provider": "provider[\"registry.terraform.io/hashicorp/aws\"]",
      "instances": [
        {
          "schema_version": 0,
          "attributes": {
            "id": "cookalone-cluster-managed-worker-node-20221020054859012500000002",
            "policy_arn": "arn:aws:iam::aws:policy/AmazonEKS_CNI_Policy",
            "role": "cookalone-cluster-managed-worker-node"
          },
          "sensitive_attributes": [],
          "private": "bnVsbA==",
          "dependencies": [
            "module.eks.aws_iam_role.worker-iam-role"
          ]
        }
      ]
    },
    {
      "module": "module.eks",
      "mode": "managed",
      "type": "aws_key_pair",
      "name": "eks-keypair-dev",
      "provider": "provider[\"registry.terraform.io/hashicorp/aws\"]",
      "instances": [
        {
          "schema_version": 1,
          "attributes": {
            "arn": "arn:aws:ec2:ap-south-1:503237308475:key-pair/eks-keypair-dev",
            "fingerprint": "34:31:43:ce:15:77:4e:5c:12:4e:0e:79:16:67:96:1b",
            "id": "eks-keypair-dev",
            "key_name": "eks-keypair-dev",
            "key_name_prefix": "",
            "key_pair_id": "key-01a7b7842bbc11a82",
            "key_type": "rsa",
            "public_key": "ssh-rsa AAAAB3NzaC1yc2EAAAADAQABAAACAQDxwJnEf6+eTIoTikbHqZYIFnpKudEO+62evKn+9IcwDtP5QUJalxbfKJDy08o7VbDBN85AUqiW+0GDzFc9XGKo2KHp3L/9MNKyJOzsbAYSXA4rs3yGxrF+no1nNXZOiwBl4yspEj7MXVGXfLQJu9XQso+MSavD/htbuBUiNuORpw9TmWYlNfjB4Qs4bObtSUeDyB1BnuUeZ6tg2Xbv89vEb7NqVwoG2Fvfu2pVhsCAZFs0rqvYdM0QCB9m8tE7lJuw5rrH9Y3odOAI6mcsAfAGsRFiFarKjduqzD07dEAHrIiiWU6ai8J1gp/SUUDmmBODzkidkMCr/MEFfLPe+JY7QLh2dVvf90qE8vcKGRI2n+9EHNLK0cd2Btwt13gD46XMRr2hMZP7/v3XpRZW5M/ZZ6k6IOqqmA4EOdLfuSkE/+iZo7uxq6i9UcT7Ezwz7mPabL1xJNUrYC93JP5K1qcIxFhSV3bXJynetYj3kFfBPP7VsSFJbaGLM2im5WVn97QHdkXlPJix9+DscW+CSn1VaWPIFoiuzotitqESo3vV+BO1TbPz9odEyEmvHY39uI0pVN3FkIv20dqtuaZ+AjJnosnvXN8/pKf8xKgPk86uMd6g8lv7jebiOsOxq4V3bJl8zRtrPo95RMvn2li4wbN/sN39UhGje8xWohknSIrQ8w== mzc@DESKTOP-NBTDKCV",
            "tags": {},
            "tags_all": {}
          },
          "sensitive_attributes": [],
          "private": "eyJzY2hlbWFfdmVyc2lvbiI6IjEifQ=="
        }
      ]
    },
    {
      "module": "module.eks",
      "mode": "managed",
      "type": "aws_security_group",
      "name": "cluster-sg",
      "provider": "provider[\"registry.terraform.io/hashicorp/aws\"]",
      "instances": [
        {
          "schema_version": 1,
          "attributes": {
            "arn": "arn:aws:ec2:ap-south-1:503237308475:security-group/sg-07e07ca07552f8cf2",
            "description": "Cluster communication with worker nodes",
            "egress": [
              {
                "cidr_blocks": [
                  "0.0.0.0/0"
                ],
                "description": "",
                "from_port": 0,
                "ipv6_cidr_blocks": [],
                "prefix_list_ids": [],
                "protocol": "-1",
                "security_groups": [],
                "self": false,
                "to_port": 0
              }
            ],
            "id": "sg-07e07ca07552f8cf2",
            "ingress": [
              {
                "cidr_blocks": [
                  "0.0.0.0/0"
                ],
                "description": "Allow workstation to communicate with the cluster API Server",
                "from_port": 443,
                "ipv6_cidr_blocks": [],
                "prefix_list_ids": [],
                "protocol": "tcp",
                "security_groups": [],
                "self": false,
                "to_port": 443
              }
            ],
            "name": "clusterSG",
            "name_prefix": "",
            "owner_id": "503237308475",
            "revoke_rules_on_delete": false,
            "tags": {
              "Name": "eks-cluster-sg"
            },
            "tags_all": {
              "Name": "eks-cluster-sg"
            },
            "timeouts": null,
            "vpc_id": "vpc-0ae97240f9aafbc59"
          },
          "sensitive_attributes": [],
          "private": "eyJlMmJmYjczMC1lY2FhLTExZTYtOGY4OC0zNDM2M2JjN2M0YzAiOnsiY3JlYXRlIjo2MDAwMDAwMDAwMDAsImRlbGV0ZSI6OTAwMDAwMDAwMDAwfSwic2NoZW1hX3ZlcnNpb24iOiIxIn0=",
          "dependencies": [
            "module.network.aws_vpc.main-vpc"
          ]
        }
      ]
    },
    {
      "module": "module.eks",
      "mode": "managed",
      "type": "aws_security_group_rule",
      "name": "cluster-ingress-workstation-https",
      "provider": "provider[\"registry.terraform.io/hashicorp/aws\"]",
      "instances": [
        {
          "schema_version": 2,
          "attributes": {
            "cidr_blocks": [
              "0.0.0.0/0"
            ],
            "description": "Allow workstation to communicate with the cluster API Server",
            "from_port": 443,
            "id": "sgrule-2565033735",
            "ipv6_cidr_blocks": null,
            "prefix_list_ids": null,
            "protocol": "tcp",
            "security_group_id": "sg-07e07ca07552f8cf2",
            "self": false,
            "source_security_group_id": null,
            "timeouts": null,
            "to_port": 443,
            "type": "ingress"
          },
          "sensitive_attributes": [],
          "private": "eyJlMmJmYjczMC1lY2FhLTExZTYtOGY4OC0zNDM2M2JjN2M0YzAiOnsiY3JlYXRlIjozMDAwMDAwMDAwMDB9LCJzY2hlbWFfdmVyc2lvbiI6IjIifQ==",
          "dependencies": [
            "module.eks.aws_security_group.cluster-sg",
            "module.network.aws_vpc.main-vpc"
          ]
        }
      ]
    },
    {
      "module": "module.network",
      "mode": "managed",
      "type": "aws_eip",
      "name": "nat-gateway-eip",
      "provider": "provider[\"registry.terraform.io/hashicorp/aws\"]",
      "instances": [
        {
          "schema_version": 0,
          "attributes": {
            "address": null,
            "allocation_id": "eipalloc-0a90478d4934cefcd",
            "associate_with_private_ip": null,
            "association_id": "eipassoc-0619c648afbcb700e",
            "carrier_ip": "",
            "customer_owned_ip": "",
            "customer_owned_ipv4_pool": "",
            "domain": "vpc",
            "id": "eipalloc-0a90478d4934cefcd",
            "instance": "",
            "network_border_group": "ap-south-1",
            "network_interface": "eni-0d10d839283034b09",
            "private_dns": "ip-10-185-0-149.ap-south-1.compute.internal",
            "private_ip": "10.185.0.149",
            "public_dns": "ec2-3-108-135-12.ap-south-1.compute.amazonaws.com",
            "public_ip": "3.108.135.12",
            "public_ipv4_pool": "amazon",
            "tags": {
              "Name": "cookalone-natgw-eip"
            },
            "tags_all": {
              "Name": "cookalone-natgw-eip"
            },
            "timeouts": null,
            "vpc": true
          },
          "sensitive_attributes": [],
          "private": "eyJlMmJmYjczMC1lY2FhLTExZTYtOGY4OC0zNDM2M2JjN2M0YzAiOnsiZGVsZXRlIjoxODAwMDAwMDAwMDAsInJlYWQiOjkwMDAwMDAwMDAwMCwidXBkYXRlIjozMDAwMDAwMDAwMDB9fQ=="
        }
      ]
    },
    {
      "module": "module.network",
      "mode": "managed",
      "type": "aws_internet_gateway",
      "name": "internet-gw",
      "provider": "provider[\"registry.terraform.io/hashicorp/aws\"]",
      "instances": [
        {
          "schema_version": 0,
          "attributes": {
            "arn": "arn:aws:ec2:ap-south-1:503237308475:internet-gateway/igw-0c6d6bd67482cdcac",
            "id": "igw-0c6d6bd67482cdcac",
            "owner_id": "503237308475",
            "tags": {
              "Name": "cookalone-igw"
            },
            "tags_all": {
              "Name": "cookalone-igw"
            },
            "timeouts": null,
            "vpc_id": "vpc-0ae97240f9aafbc59"
          },
          "sensitive_attributes": [],
          "private": "eyJlMmJmYjczMC1lY2FhLTExZTYtOGY4OC0zNDM2M2JjN2M0YzAiOnsiY3JlYXRlIjoxMjAwMDAwMDAwMDAwLCJkZWxldGUiOjEyMDAwMDAwMDAwMDAsInVwZGF0ZSI6MTIwMDAwMDAwMDAwMH19",
          "dependencies": [
            "module.network.aws_vpc.main-vpc"
          ]
        }
      ]
    },
    {
      "module": "module.network",
      "mode": "managed",
      "type": "aws_nat_gateway",
      "name": "nat-gateway",
      "provider": "provider[\"registry.terraform.io/hashicorp/aws\"]",
      "instances": [
        {
          "schema_version": 0,
          "attributes": {
            "allocation_id": "eipalloc-0a90478d4934cefcd",
            "connectivity_type": "public",
            "id": "nat-0089767eb54d9ccbd",
            "network_interface_id": "eni-0d10d839283034b09",
            "private_ip": "10.185.0.149",
            "public_ip": "3.108.135.12",
            "subnet_id": "subnet-0bb688115720e1cd2",
            "tags": {
              "Name": "cookalone-natgw"
            },
            "tags_all": {
              "Name": "cookalone-natgw"
            }
          },
          "sensitive_attributes": [],
          "private": "bnVsbA==",
          "dependencies": [
            "module.network.aws_eip.nat-gateway-eip",
            "module.network.aws_subnet.public-subnet",
            "module.network.aws_vpc.main-vpc"
          ]
        }
      ]
    },
    {
      "module": "module.network",
      "mode": "managed",
      "type": "aws_route_table",
      "name": "private-route-table",
      "provider": "provider[\"registry.terraform.io/hashicorp/aws\"]",
      "instances": [
        {
          "schema_version": 0,
          "attributes": {
            "arn": "arn:aws:ec2:ap-south-1:503237308475:route-table/rtb-086e612e07d5104a9",
            "id": "rtb-086e612e07d5104a9",
            "owner_id": "503237308475",
            "propagating_vgws": [],
            "route": [
              {
                "carrier_gateway_id": "",
                "cidr_block": "0.0.0.0/0",
                "core_network_arn": "",
                "destination_prefix_list_id": "",
                "egress_only_gateway_id": "",
                "gateway_id": "",
                "instance_id": "",
                "ipv6_cidr_block": "",
                "local_gateway_id": "",
                "nat_gateway_id": "nat-0089767eb54d9ccbd",
                "network_interface_id": "",
                "transit_gateway_id": "",
                "vpc_endpoint_id": "",
                "vpc_peering_connection_id": ""
              }
            ],
            "tags": {
              "Name": "cookalone-private"
            },
            "tags_all": {
              "Name": "cookalone-private"
            },
            "timeouts": null,
            "vpc_id": "vpc-0ae97240f9aafbc59"
          },
          "sensitive_attributes": [],
          "private": "eyJlMmJmYjczMC1lY2FhLTExZTYtOGY4OC0zNDM2M2JjN2M0YzAiOnsiY3JlYXRlIjozMDAwMDAwMDAwMDAsImRlbGV0ZSI6MzAwMDAwMDAwMDAwLCJ1cGRhdGUiOjEyMDAwMDAwMDAwMH19",
          "dependencies": [
            "module.network.aws_eip.nat-gateway-eip",
            "module.network.aws_nat_gateway.nat-gateway",
            "module.network.aws_subnet.public-subnet",
            "module.network.aws_vpc.main-vpc"
          ]
        }
      ]
    },
    {
      "module": "module.network",
      "mode": "managed",
      "type": "aws_route_table",
      "name": "public-route-table",
      "provider": "provider[\"registry.terraform.io/hashicorp/aws\"]",
      "instances": [
        {
          "schema_version": 0,
          "attributes": {
            "arn": "arn:aws:ec2:ap-south-1:503237308475:route-table/rtb-0075cc3da9c238f07",
            "id": "rtb-0075cc3da9c238f07",
            "owner_id": "503237308475",
            "propagating_vgws": [],
            "route": [
              {
                "carrier_gateway_id": "",
                "cidr_block": "0.0.0.0/0",
                "core_network_arn": "",
                "destination_prefix_list_id": "",
                "egress_only_gateway_id": "",
                "gateway_id": "igw-0c6d6bd67482cdcac",
                "instance_id": "",
                "ipv6_cidr_block": "",
                "local_gateway_id": "",
                "nat_gateway_id": "",
                "network_interface_id": "",
                "transit_gateway_id": "",
                "vpc_endpoint_id": "",
                "vpc_peering_connection_id": ""
              }
            ],
            "tags": {
              "Name": "cookalone-public-table"
            },
            "tags_all": {
              "Name": "cookalone-public-table"
            },
            "timeouts": null,
            "vpc_id": "vpc-0ae97240f9aafbc59"
          },
          "sensitive_attributes": [],
          "private": "eyJlMmJmYjczMC1lY2FhLTExZTYtOGY4OC0zNDM2M2JjN2M0YzAiOnsiY3JlYXRlIjozMDAwMDAwMDAwMDAsImRlbGV0ZSI6MzAwMDAwMDAwMDAwLCJ1cGRhdGUiOjEyMDAwMDAwMDAwMH19",
          "dependencies": [
            "module.network.aws_internet_gateway.internet-gw",
            "module.network.aws_vpc.main-vpc"
          ]
        }
      ]
    },
    {
      "module": "module.network",
      "mode": "managed",
      "type": "aws_route_table_association",
      "name": "private-route-table-association",
      "provider": "provider[\"registry.terraform.io/hashicorp/aws\"]",
      "instances": [
        {
          "index_key": 0,
          "schema_version": 0,
          "attributes": {
            "gateway_id": "",
            "id": "rtbassoc-02945f5598d19a17e",
            "route_table_id": "rtb-086e612e07d5104a9",
            "subnet_id": "subnet-0af8ac2a7218ab9ac"
          },
          "sensitive_attributes": [],
          "private": "bnVsbA==",
          "dependencies": [
            "module.network.aws_eip.nat-gateway-eip",
            "module.network.aws_nat_gateway.nat-gateway",
            "module.network.aws_route_table.private-route-table",
            "module.network.aws_subnet.private-subnet",
            "module.network.aws_subnet.public-subnet",
            "module.network.aws_vpc.main-vpc"
          ]
        },
        {
          "index_key": 1,
          "schema_version": 0,
          "attributes": {
            "gateway_id": "",
            "id": "rtbassoc-08bfd29d737271053",
            "route_table_id": "rtb-086e612e07d5104a9",
            "subnet_id": "subnet-0af3e030a98988304"
          },
          "sensitive_attributes": [],
          "private": "bnVsbA==",
          "dependencies": [
            "module.network.aws_eip.nat-gateway-eip",
            "module.network.aws_nat_gateway.nat-gateway",
            "module.network.aws_route_table.private-route-table",
            "module.network.aws_subnet.private-subnet",
            "module.network.aws_subnet.public-subnet",
            "module.network.aws_vpc.main-vpc"
          ]
        }
      ]
    },
    {
      "module": "module.network",
      "mode": "managed",
      "type": "aws_route_table_association",
      "name": "public-route-table-association",
      "provider": "provider[\"registry.terraform.io/hashicorp/aws\"]",
      "instances": [
        {
          "index_key": 0,
          "schema_version": 0,
          "attributes": {
            "gateway_id": "",
            "id": "rtbassoc-0da04016c30961a5e",
            "route_table_id": "rtb-0075cc3da9c238f07",
            "subnet_id": "subnet-0bb688115720e1cd2"
          },
          "sensitive_attributes": [],
          "private": "bnVsbA==",
          "dependencies": [
            "module.network.aws_internet_gateway.internet-gw",
            "module.network.aws_route_table.public-route-table",
            "module.network.aws_subnet.public-subnet",
            "module.network.aws_vpc.main-vpc"
          ]
        },
        {
          "index_key": 1,
          "schema_version": 0,
          "attributes": {
            "gateway_id": "",
            "id": "rtbassoc-08888f07722a79d86",
            "route_table_id": "rtb-0075cc3da9c238f07",
            "subnet_id": "subnet-064a11d3b1f73f735"
          },
          "sensitive_attributes": [],
          "private": "bnVsbA==",
          "dependencies": [
            "module.network.aws_internet_gateway.internet-gw",
            "module.network.aws_route_table.public-route-table",
            "module.network.aws_subnet.public-subnet",
            "module.network.aws_vpc.main-vpc"
          ]
        }
      ]
    },
    {
      "module": "module.network",
      "mode": "managed",
      "type": "aws_subnet",
      "name": "private-data-subnets",
      "provider": "provider[\"registry.terraform.io/hashicorp/aws\"]",
      "instances": [
        {
          "index_key": 0,
          "schema_version": 1,
          "attributes": {
            "arn": "arn:aws:ec2:ap-south-1:503237308475:subnet/subnet-0f8f63079d32b9304",
            "assign_ipv6_address_on_creation": false,
            "availability_zone": "ap-south-1a",
            "availability_zone_id": "aps1-az1",
            "cidr_block": "10.185.102.0/24",
            "customer_owned_ipv4_pool": "",
            "enable_dns64": false,
            "enable_resource_name_dns_a_record_on_launch": false,
            "enable_resource_name_dns_aaaa_record_on_launch": false,
            "id": "subnet-0f8f63079d32b9304",
            "ipv6_cidr_block": "",
            "ipv6_cidr_block_association_id": "",
            "ipv6_native": false,
            "map_customer_owned_ip_on_launch": false,
            "map_public_ip_on_launch": false,
            "outpost_arn": "",
            "owner_id": "503237308475",
            "private_dns_hostname_type_on_launch": "ip-name",
            "tags": {
              "Name": "cookalone-private-data-1",
              "kubernetes.io/cluster/cookalone": "shared",
              "kubernetes.io/role/internal-elb": "1"
            },
            "tags_all": {
              "Name": "cookalone-private-data-1",
              "kubernetes.io/cluster/cookalone": "shared",
              "kubernetes.io/role/internal-elb": "1"
            },
            "timeouts": null,
            "vpc_id": "vpc-0ae97240f9aafbc59"
          },
          "sensitive_attributes": [],
          "private": "eyJlMmJmYjczMC1lY2FhLTExZTYtOGY4OC0zNDM2M2JjN2M0YzAiOnsiY3JlYXRlIjo2MDAwMDAwMDAwMDAsImRlbGV0ZSI6MTIwMDAwMDAwMDAwMH0sInNjaGVtYV92ZXJzaW9uIjoiMSJ9",
          "dependencies": [
            "module.network.aws_vpc.main-vpc"
          ]
        },
        {
          "index_key": 1,
          "schema_version": 1,
          "attributes": {
            "arn": "arn:aws:ec2:ap-south-1:503237308475:subnet/subnet-05d204e8a50015dc0",
            "assign_ipv6_address_on_creation": false,
            "availability_zone": "ap-south-1c",
            "availability_zone_id": "aps1-az2",
            "cidr_block": "10.185.103.0/24",
            "customer_owned_ipv4_pool": "",
            "enable_dns64": false,
            "enable_resource_name_dns_a_record_on_launch": false,
            "enable_resource_name_dns_aaaa_record_on_launch": false,
            "id": "subnet-05d204e8a50015dc0",
            "ipv6_cidr_block": "",
            "ipv6_cidr_block_association_id": "",
            "ipv6_native": false,
            "map_customer_owned_ip_on_launch": false,
            "map_public_ip_on_launch": false,
            "outpost_arn": "",
            "owner_id": "503237308475",
            "private_dns_hostname_type_on_launch": "ip-name",
            "tags": {
              "Name": "cookalone-private-data-2",
              "kubernetes.io/cluster/cookalone": "shared",
              "kubernetes.io/role/internal-elb": "1"
            },
            "tags_all": {
              "Name": "cookalone-private-data-2",
              "kubernetes.io/cluster/cookalone": "shared",
              "kubernetes.io/role/internal-elb": "1"
            },
            "timeouts": null,
            "vpc_id": "vpc-0ae97240f9aafbc59"
          },
          "sensitive_attributes": [],
          "private": "eyJlMmJmYjczMC1lY2FhLTExZTYtOGY4OC0zNDM2M2JjN2M0YzAiOnsiY3JlYXRlIjo2MDAwMDAwMDAwMDAsImRlbGV0ZSI6MTIwMDAwMDAwMDAwMH0sInNjaGVtYV92ZXJzaW9uIjoiMSJ9",
          "dependencies": [
            "module.network.aws_vpc.main-vpc"
          ]
        }
      ]
    },
    {
      "module": "module.network",
      "mode": "managed",
      "type": "aws_subnet",
      "name": "private-subnet",
      "provider": "provider[\"registry.terraform.io/hashicorp/aws\"]",
      "instances": [
        {
          "index_key": 0,
          "schema_version": 1,
          "attributes": {
            "arn": "arn:aws:ec2:ap-south-1:503237308475:subnet/subnet-0af8ac2a7218ab9ac",
            "assign_ipv6_address_on_creation": false,
            "availability_zone": "ap-south-1a",
            "availability_zone_id": "aps1-az1",
            "cidr_block": "10.185.100.0/24",
            "customer_owned_ipv4_pool": "",
            "enable_dns64": false,
            "enable_resource_name_dns_a_record_on_launch": false,
            "enable_resource_name_dns_aaaa_record_on_launch": false,
            "id": "subnet-0af8ac2a7218ab9ac",
            "ipv6_cidr_block": "",
            "ipv6_cidr_block_association_id": "",
            "ipv6_native": false,
            "map_customer_owned_ip_on_launch": false,
            "map_public_ip_on_launch": false,
            "outpost_arn": "",
            "owner_id": "503237308475",
            "private_dns_hostname_type_on_launch": "ip-name",
            "tags": {
              "Name": "cookalone-private-1",
              "kubernetes.io/cluster/cookalone": "shared",
              "kubernetes.io/role/internal-elb": "1"
            },
            "tags_all": {
              "Name": "cookalone-private-1",
              "kubernetes.io/cluster/cookalone": "shared",
              "kubernetes.io/role/internal-elb": "1"
            },
            "timeouts": null,
            "vpc_id": "vpc-0ae97240f9aafbc59"
          },
          "sensitive_attributes": [],
          "private": "eyJlMmJmYjczMC1lY2FhLTExZTYtOGY4OC0zNDM2M2JjN2M0YzAiOnsiY3JlYXRlIjo2MDAwMDAwMDAwMDAsImRlbGV0ZSI6MTIwMDAwMDAwMDAwMH0sInNjaGVtYV92ZXJzaW9uIjoiMSJ9",
          "dependencies": [
            "module.network.aws_vpc.main-vpc"
          ]
        },
        {
          "index_key": 1,
          "schema_version": 1,
          "attributes": {
            "arn": "arn:aws:ec2:ap-south-1:503237308475:subnet/subnet-0af3e030a98988304",
            "assign_ipv6_address_on_creation": false,
            "availability_zone": "ap-south-1c",
            "availability_zone_id": "aps1-az2",
            "cidr_block": "10.185.101.0/24",
            "customer_owned_ipv4_pool": "",
            "enable_dns64": false,
            "enable_resource_name_dns_a_record_on_launch": false,
            "enable_resource_name_dns_aaaa_record_on_launch": false,
            "id": "subnet-0af3e030a98988304",
            "ipv6_cidr_block": "",
            "ipv6_cidr_block_association_id": "",
            "ipv6_native": false,
            "map_customer_owned_ip_on_launch": false,
            "map_public_ip_on_launch": false,
            "outpost_arn": "",
            "owner_id": "503237308475",
            "private_dns_hostname_type_on_launch": "ip-name",
            "tags": {
              "Name": "cookalone-private-2",
              "kubernetes.io/cluster/cookalone": "shared",
              "kubernetes.io/role/internal-elb": "1"
            },
            "tags_all": {
              "Name": "cookalone-private-2",
              "kubernetes.io/cluster/cookalone": "shared",
              "kubernetes.io/role/internal-elb": "1"
            },
            "timeouts": null,
            "vpc_id": "vpc-0ae97240f9aafbc59"
          },
          "sensitive_attributes": [],
          "private": "eyJlMmJmYjczMC1lY2FhLTExZTYtOGY4OC0zNDM2M2JjN2M0YzAiOnsiY3JlYXRlIjo2MDAwMDAwMDAwMDAsImRlbGV0ZSI6MTIwMDAwMDAwMDAwMH0sInNjaGVtYV92ZXJzaW9uIjoiMSJ9",
          "dependencies": [
            "module.network.aws_vpc.main-vpc"
          ]
        }
      ]
    },
    {
      "module": "module.network",
      "mode": "managed",
      "type": "aws_subnet",
      "name": "public-subnet",
      "provider": "provider[\"registry.terraform.io/hashicorp/aws\"]",
      "instances": [
        {
          "index_key": 0,
          "schema_version": 1,
          "attributes": {
            "arn": "arn:aws:ec2:ap-south-1:503237308475:subnet/subnet-0bb688115720e1cd2",
            "assign_ipv6_address_on_creation": false,
            "availability_zone": "ap-south-1a",
            "availability_zone_id": "aps1-az1",
            "cidr_block": "10.185.0.0/24",
            "customer_owned_ipv4_pool": "",
            "enable_dns64": false,
            "enable_resource_name_dns_a_record_on_launch": false,
            "enable_resource_name_dns_aaaa_record_on_launch": false,
            "id": "subnet-0bb688115720e1cd2",
            "ipv6_cidr_block": "",
            "ipv6_cidr_block_association_id": "",
            "ipv6_native": false,
            "map_customer_owned_ip_on_launch": false,
            "map_public_ip_on_launch": true,
            "outpost_arn": "",
            "owner_id": "503237308475",
            "private_dns_hostname_type_on_launch": "ip-name",
            "tags": {
              "Name": "cookalone-public-1",
              "kubernetes.io/cluster/cookalone": "shared",
              "kubernetes.io/role/elb": "1"
            },
            "tags_all": {
              "Name": "cookalone-public-1",
              "kubernetes.io/cluster/cookalone": "shared",
              "kubernetes.io/role/elb": "1"
            },
            "timeouts": null,
            "vpc_id": "vpc-0ae97240f9aafbc59"
          },
          "sensitive_attributes": [],
          "private": "eyJlMmJmYjczMC1lY2FhLTExZTYtOGY4OC0zNDM2M2JjN2M0YzAiOnsiY3JlYXRlIjo2MDAwMDAwMDAwMDAsImRlbGV0ZSI6MTIwMDAwMDAwMDAwMH0sInNjaGVtYV92ZXJzaW9uIjoiMSJ9",
          "dependencies": [
            "module.network.aws_vpc.main-vpc"
          ]
        },
        {
          "index_key": 1,
          "schema_version": 1,
          "attributes": {
            "arn": "arn:aws:ec2:ap-south-1:503237308475:subnet/subnet-064a11d3b1f73f735",
            "assign_ipv6_address_on_creation": false,
            "availability_zone": "ap-south-1c",
            "availability_zone_id": "aps1-az2",
            "cidr_block": "10.185.1.0/24",
            "customer_owned_ipv4_pool": "",
            "enable_dns64": false,
            "enable_resource_name_dns_a_record_on_launch": false,
            "enable_resource_name_dns_aaaa_record_on_launch": false,
            "id": "subnet-064a11d3b1f73f735",
            "ipv6_cidr_block": "",
            "ipv6_cidr_block_association_id": "",
            "ipv6_native": false,
            "map_customer_owned_ip_on_launch": false,
            "map_public_ip_on_launch": true,
            "outpost_arn": "",
            "owner_id": "503237308475",
            "private_dns_hostname_type_on_launch": "ip-name",
            "tags": {
              "Name": "cookalone-public-2",
              "kubernetes.io/cluster/cookalone": "shared",
              "kubernetes.io/role/elb": "1"
            },
            "tags_all": {
              "Name": "cookalone-public-2",
              "kubernetes.io/cluster/cookalone": "shared",
              "kubernetes.io/role/elb": "1"
            },
            "timeouts": null,
            "vpc_id": "vpc-0ae97240f9aafbc59"
          },
          "sensitive_attributes": [],
          "private": "eyJlMmJmYjczMC1lY2FhLTExZTYtOGY4OC0zNDM2M2JjN2M0YzAiOnsiY3JlYXRlIjo2MDAwMDAwMDAwMDAsImRlbGV0ZSI6MTIwMDAwMDAwMDAwMH0sInNjaGVtYV92ZXJzaW9uIjoiMSJ9",
          "dependencies": [
            "module.network.aws_vpc.main-vpc"
          ]
        }
      ]
    },
    {
      "module": "module.network",
      "mode": "managed",
      "type": "aws_vpc",
      "name": "main-vpc",
      "provider": "provider[\"registry.terraform.io/hashicorp/aws\"]",
      "instances": [
        {
          "schema_version": 1,
          "attributes": {
            "arn": "arn:aws:ec2:ap-south-1:503237308475:vpc/vpc-0ae97240f9aafbc59",
            "assign_generated_ipv6_cidr_block": false,
            "cidr_block": "10.185.0.0/16",
            "default_network_acl_id": "acl-02ef676bbe54fd662",
            "default_route_table_id": "rtb-0efebdd1316ce1913",
            "default_security_group_id": "sg-0900e08ea43537ef0",
            "dhcp_options_id": "dopt-0bea42d25b4995161",
            "enable_classiclink": false,
            "enable_classiclink_dns_support": false,
            "enable_dns_hostnames": true,
            "enable_dns_support": true,
            "id": "vpc-0ae97240f9aafbc59",
            "instance_tenancy": "default",
            "ipv4_ipam_pool_id": null,
            "ipv4_netmask_length": null,
            "ipv6_association_id": "",
            "ipv6_cidr_block": "",
            "ipv6_cidr_block_network_border_group": "",
            "ipv6_ipam_pool_id": "",
            "ipv6_netmask_length": 0,
            "main_route_table_id": "rtb-0efebdd1316ce1913",
            "owner_id": "503237308475",
            "tags": {
              "Name": "cookalone-vpc"
            },
            "tags_all": {
              "Name": "cookalone-vpc"
            }
          },
          "sensitive_attributes": [],
          "private": "eyJzY2hlbWFfdmVyc2lvbiI6IjEifQ=="
        }
      ]
    },
    {
      "module": "module.network",
      "mode": "managed",
      "type": "aws_vpc_endpoint",
      "name": "s3",
      "provider": "provider[\"registry.terraform.io/hashicorp/aws\"]",
      "instances": [
        {
          "schema_version": 0,
          "attributes": {
            "arn": "arn:aws:ec2:ap-south-1:503237308475:vpc-endpoint/vpce-0d7e5e3f0fcc1c9e0",
            "auto_accept": null,
            "cidr_blocks": [
              "52.219.156.0/22",
              "52.219.160.0/23",
              "52.219.62.0/23",
              "3.5.212.0/23",
              "3.5.208.0/22",
              "16.12.40.0/23",
              "52.219.64.0/22",
              "16.12.36.0/22"
            ],
            "dns_entry": [],
            "dns_options": [],
            "id": "vpce-0d7e5e3f0fcc1c9e0",
            "ip_address_type": "",
            "network_interface_ids": [],
            "owner_id": "503237308475",
            "policy": "{\"Statement\":[{\"Action\":\"*\",\"Effect\":\"Allow\",\"Principal\":\"*\",\"Resource\":\"*\"}],\"Version\":\"2008-10-17\"}",
            "prefix_list_id": "pl-78a54011",
            "private_dns_enabled": false,
            "requester_managed": false,
            "route_table_ids": [],
            "security_group_ids": [],
            "service_name": "com.amazonaws.ap-south-1.s3",
            "state": "available",
            "subnet_ids": [],
            "tags": {
              "Name": "cookalone-endpoint-s3"
            },
            "tags_all": {
              "Name": "cookalone-endpoint-s3"
            },
            "timeouts": null,
            "vpc_endpoint_type": "Gateway",
            "vpc_id": "vpc-0ae97240f9aafbc59"
          },
          "sensitive_attributes": [],
          "private": "eyJlMmJmYjczMC1lY2FhLTExZTYtOGY4OC0zNDM2M2JjN2M0YzAiOnsiY3JlYXRlIjo2MDAwMDAwMDAwMDAsImRlbGV0ZSI6NjAwMDAwMDAwMDAwLCJ1cGRhdGUiOjYwMDAwMDAwMDAwMH19",
          "dependencies": [
            "module.network.aws_vpc.main-vpc"
          ]
        }
      ]
    },
    {
      "module": "module.rds",
      "mode": "managed",
      "type": "aws_db_subnet_group",
      "name": "aurora-subnet-group",
      "provider": "provider[\"registry.terraform.io/hashicorp/aws\"]",
      "instances": [
        {
          "schema_version": 0,
          "attributes": {
            "arn": "arn:aws:rds:ap-south-1:503237308475:subgrp:cookalone-aurora-subnet-group",
            "description": "Managed by Terraform",
            "id": "cookalone-aurora-subnet-group",
            "name": "cookalone-aurora-subnet-group",
            "name_prefix": "",
            "subnet_ids": [
              "subnet-05d204e8a50015dc0",
              "subnet-0f8f63079d32b9304"
            ],
            "supported_network_types": [
              "IPV4"
            ],
            "tags": {},
            "tags_all": {}
          },
          "sensitive_attributes": [],
          "private": "bnVsbA==",
          "dependencies": [
            "module.network.aws_subnet.private-data-subnets",
            "module.network.aws_vpc.main-vpc"
          ]
        }
      ]
    },
    {
      "module": "module.rds",
      "mode": "managed",
      "type": "aws_rds_cluster",
      "name": "aurora-cluster",
      "provider": "provider[\"registry.terraform.io/hashicorp/aws\"]",
      "instances": [
        {
          "schema_version": 0,
          "attributes": {
            "allocated_storage": 1,
            "allow_major_version_upgrade": null,
            "apply_immediately": null,
            "arn": "arn:aws:rds:ap-south-1:503237308475:cluster:cookalone-aurora-cluster",
            "availability_zones": [
              "ap-south-1a",
              "ap-south-1c"
            ],
            "backtrack_window": 0,
            "backup_retention_period": 7,
            "cluster_identifier": "cookalone-aurora-cluster",
            "cluster_identifier_prefix": null,
            "cluster_members": [],
            "cluster_resource_id": "cluster-EN5DUEPCHERS74BWKXB5OD6X4U",
            "copy_tags_to_snapshot": false,
            "database_name": "cookalone",
            "db_cluster_instance_class": "",
            "db_cluster_parameter_group_name": "cookalone-cluster-aurora-parameter-group",
            "db_instance_parameter_group_name": null,
            "db_subnet_group_name": "cookalone-aurora-subnet-group",
            "deletion_protection": false,
            "enable_global_write_forwarding": false,
            "enable_http_endpoint": false,
            "enabled_cloudwatch_logs_exports": null,
            "endpoint": "cookalone-aurora-cluster.cluster-csewxw1slknd.ap-south-1.rds.amazonaws.com",
            "engine": "aurora-mysql",
            "engine_mode": "provisioned",
            "engine_version": "8.0.mysql_aurora.3.02.1",
            "engine_version_actual": "8.0.mysql_aurora.3.02.1",
            "final_snapshot_identifier": null,
            "global_cluster_identifier": "",
            "hosted_zone_id": "Z2VFMSZA74J7XZ",
            "iam_database_authentication_enabled": false,
            "iam_roles": [],
            "id": "cookalone-aurora-cluster",
            "iops": 0,
            "kms_key_id": "",
            "master_password": "1qaz#edc",
            "master_username": "cookalone",
            "network_type": "IPV4",
            "port": 3306,
            "preferred_backup_window": "18:48-19:18",
            "preferred_maintenance_window": "fri:06:36-fri:07:06",
            "reader_endpoint": "cookalone-aurora-cluster.cluster-ro-csewxw1slknd.ap-south-1.rds.amazonaws.com",
            "replication_source_identifier": "",
            "restore_to_point_in_time": [],
            "s3_import": [],
            "scaling_configuration": [],
            "serverlessv2_scaling_configuration": [
              {
                "max_capacity": 1,
                "min_capacity": 0.5
              }
            ],
            "skip_final_snapshot": true,
            "snapshot_identifier": null,
            "source_region": null,
            "storage_encrypted": false,
            "storage_type": "",
            "tags": null,
            "tags_all": {},
            "timeouts": null,
            "vpc_security_group_ids": [
              "sg-0900e08ea43537ef0"
            ]
          },
          "sensitive_attributes": [],
          "private": "eyJlMmJmYjczMC1lY2FhLTExZTYtOGY4OC0zNDM2M2JjN2M0YzAiOnsiY3JlYXRlIjo3MjAwMDAwMDAwMDAwLCJkZWxldGUiOjcyMDAwMDAwMDAwMDAsInVwZGF0ZSI6NzIwMDAwMDAwMDAwMH19",
          "dependencies": [
            "module.network.aws_subnet.private-data-subnets",
            "module.network.aws_vpc.main-vpc",
            "module.rds.aws_db_subnet_group.aurora-subnet-group",
            "module.rds.aws_rds_cluster_parameter_group.aurora-cluster-parameter-group"
          ]
        }
      ]
    },
    {
      "module": "module.rds",
      "mode": "managed",
      "type": "aws_rds_cluster_instance",
      "name": "aurora-cluster-instances",
      "provider": "provider[\"registry.terraform.io/hashicorp/aws\"]",
      "instances": [
        {
          "index_key": 0,
          "schema_version": 0,
          "attributes": {
            "apply_immediately": null,
            "arn": "arn:aws:rds:ap-south-1:503237308475:db:cookalone-cluster-0-aurora-cluster-instance",
            "auto_minor_version_upgrade": true,
            "availability_zone": "ap-south-1c",
            "ca_cert_identifier": "rds-ca-2019",
            "cluster_identifier": "cookalone-aurora-cluster",
            "copy_tags_to_snapshot": false,
            "db_parameter_group_name": "default.aurora-mysql8.0",
            "db_subnet_group_name": "cookalone-aurora-subnet-group",
            "dbi_resource_id": "db-NMIIOESW75JE66KKE2XOHBXIPA",
            "endpoint": "cookalone-cluster-0-aurora-cluster-instance.csewxw1slknd.ap-south-1.rds.amazonaws.com",
            "engine": "aurora-mysql",
            "engine_version": "8.0.mysql_aurora.3.02.1",
            "engine_version_actual": "8.0.mysql_aurora.3.02.1",
            "id": "cookalone-cluster-0-aurora-cluster-instance",
            "identifier": "cookalone-cluster-0-aurora-cluster-instance",
            "identifier_prefix": null,
            "instance_class": "db.serverless",
            "kms_key_id": "",
            "monitoring_interval": 0,
            "monitoring_role_arn": "",
            "network_type": "IPV4",
            "performance_insights_enabled": false,
            "performance_insights_kms_key_id": "",
            "performance_insights_retention_period": 0,
            "port": 3306,
            "preferred_backup_window": "18:48-19:18",
            "preferred_maintenance_window": "sat:12:56-sat:13:26",
            "promotion_tier": 0,
            "publicly_accessible": true,
            "storage_encrypted": false,
            "tags": null,
            "tags_all": {},
            "timeouts": null,
            "writer": true
          },
          "sensitive_attributes": [],
          "private": "eyJlMmJmYjczMC1lY2FhLTExZTYtOGY4OC0zNDM2M2JjN2M0YzAiOnsiY3JlYXRlIjo1NDAwMDAwMDAwMDAwLCJkZWxldGUiOjU0MDAwMDAwMDAwMDAsInVwZGF0ZSI6NTQwMDAwMDAwMDAwMH19",
          "dependencies": [
            "module.network.aws_subnet.private-data-subnets",
            "module.network.aws_vpc.main-vpc",
            "module.rds.aws_db_subnet_group.aurora-subnet-group",
            "module.rds.aws_rds_cluster.aurora-cluster",
            "module.rds.aws_rds_cluster_parameter_group.aurora-cluster-parameter-group"
          ]
        },
        {
          "index_key": 1,
          "schema_version": 0,
          "attributes": {
            "apply_immediately": null,
            "arn": "arn:aws:rds:ap-south-1:503237308475:db:cookalone-cluster-1-aurora-cluster-instance",
            "auto_minor_version_upgrade": true,
            "availability_zone": "ap-south-1a",
            "ca_cert_identifier": "rds-ca-2019",
            "cluster_identifier": "cookalone-aurora-cluster",
            "copy_tags_to_snapshot": false,
            "db_parameter_group_name": "default.aurora-mysql8.0",
            "db_subnet_group_name": "cookalone-aurora-subnet-group",
            "dbi_resource_id": "db-BYO4D4KYBHRXZ3WA7D7Y2E2MBE",
            "endpoint": "cookalone-cluster-1-aurora-cluster-instance.csewxw1slknd.ap-south-1.rds.amazonaws.com",
            "engine": "aurora-mysql",
            "engine_version": "8.0.mysql_aurora.3.02.1",
            "engine_version_actual": "8.0.mysql_aurora.3.02.1",
            "id": "cookalone-cluster-1-aurora-cluster-instance",
            "identifier": "cookalone-cluster-1-aurora-cluster-instance",
            "identifier_prefix": null,
            "instance_class": "db.serverless",
            "kms_key_id": "",
            "monitoring_interval": 0,
            "monitoring_role_arn": "",
            "network_type": "IPV4",
            "performance_insights_enabled": false,
            "performance_insights_kms_key_id": "",
            "performance_insights_retention_period": 0,
            "port": 3306,
            "preferred_backup_window": "18:48-19:18",
            "preferred_maintenance_window": "fri:08:54-fri:09:24",
            "promotion_tier": 0,
            "publicly_accessible": true,
            "storage_encrypted": false,
            "tags": null,
            "tags_all": {},
            "timeouts": null,
            "writer": false
          },
          "sensitive_attributes": [],
          "private": "eyJlMmJmYjczMC1lY2FhLTExZTYtOGY4OC0zNDM2M2JjN2M0YzAiOnsiY3JlYXRlIjo1NDAwMDAwMDAwMDAwLCJkZWxldGUiOjU0MDAwMDAwMDAwMDAsInVwZGF0ZSI6NTQwMDAwMDAwMDAwMH19",
          "dependencies": [
            "module.network.aws_subnet.private-data-subnets",
            "module.network.aws_vpc.main-vpc",
            "module.rds.aws_db_subnet_group.aurora-subnet-group",
            "module.rds.aws_rds_cluster.aurora-cluster",
            "module.rds.aws_rds_cluster_parameter_group.aurora-cluster-parameter-group"
          ]
        }
      ]
    },
    {
      "module": "module.rds",
      "mode": "managed",
      "type": "aws_rds_cluster_parameter_group",
      "name": "aurora-cluster-parameter-group",
      "provider": "provider[\"registry.terraform.io/hashicorp/aws\"]",
      "instances": [
        {
          "schema_version": 0,
          "attributes": {
            "arn": "arn:aws:rds:ap-south-1:503237308475:cluster-pg:cookalone-cluster-aurora-parameter-group",
            "description": "aurora parameter group",
            "family": "aurora-mysql8.0",
            "id": "cookalone-cluster-aurora-parameter-group",
            "name": "cookalone-cluster-aurora-parameter-group",
            "name_prefix": "",
            "parameter": [
              {
                "apply_method": "pending-reboot",
                "name": "lower_case_table_names",
                "value": "1"
              }
            ],
            "tags": {},
            "tags_all": {}
          },
          "sensitive_attributes": [],
          "private": "bnVsbA=="
        }
      ]
    },
    {
      "module": "module.rds",
      "mode": "managed",
      "type": "aws_security_group",
      "name": "aurora-security-group",
      "provider": "provider[\"registry.terraform.io/hashicorp/aws\"]",
      "instances": [
        {
          "schema_version": 1,
          "attributes": {
            "arn": "arn:aws:ec2:ap-south-1:503237308475:security-group/sg-0b9a5f82c7e547bce",
            "description": "aurora security group for mysql",
            "egress": [],
            "id": "sg-0b9a5f82c7e547bce",
            "ingress": [
              {
                "cidr_blocks": [
                  "0.0.0.0/0"
                ],
                "description": "",
                "from_port": 3306,
                "ipv6_cidr_blocks": [],
                "prefix_list_ids": [],
                "protocol": "tcp",
                "security_groups": [],
                "self": false,
                "to_port": 3306
              }
            ],
            "name": "cookalone-aurora-security-group",
            "name_prefix": "",
            "owner_id": "503237308475",
            "revoke_rules_on_delete": false,
            "tags": {},
            "tags_all": {},
            "timeouts": null,
            "vpc_id": "vpc-0ae97240f9aafbc59"
          },
          "sensitive_attributes": [],
          "private": "eyJlMmJmYjczMC1lY2FhLTExZTYtOGY4OC0zNDM2M2JjN2M0YzAiOnsiY3JlYXRlIjo2MDAwMDAwMDAwMDAsImRlbGV0ZSI6OTAwMDAwMDAwMDAwfSwic2NoZW1hX3ZlcnNpb24iOiIxIn0=",
          "dependencies": [
            "module.network.aws_vpc.main-vpc"
          ]
        }
      ]
    },
    {
      "module": "module.s3",
      "mode": "data",
      "type": "aws_iam_policy_document",
      "name": "allow_access_from_endpoint_doc",
      "provider": "provider[\"registry.terraform.io/hashicorp/aws\"]",
      "instances": [
        {
          "schema_version": 0,
          "attributes": {
            "id": "1832591641",
            "json": "{\n  \"Version\": \"2012-10-17\",\n  \"Statement\": [\n    {\n      \"Sid\": \"allow access from endpoint\",\n      \"Effect\": \"Allow\",\n      \"Action\": \"s3:*\",\n      \"Resource\": [\n        \"arn:aws:s3:::cookalone-s3-bucket/*\",\n        \"arn:aws:s3:::cookalone-s3-bucket\"\n      ],\n      \"Principal\": {\n        \"AWS\": \"*\"\n      },\n      \"Condition\": {\n        \"StringEquals\": {\n          \"aws:SourceVpce\": \"vpce-0d7e5e3f0fcc1c9e0\"\n        }\n      }\n    }\n  ]\n}",
            "override_json": null,
            "override_policy_documents": null,
            "policy_id": null,
            "source_json": null,
            "source_policy_documents": null,
            "statement": [
              {
                "actions": [
                  "s3:*"
                ],
                "condition": [
                  {
                    "test": "StringEquals",
                    "values": [
                      "vpce-0d7e5e3f0fcc1c9e0"
                    ],
                    "variable": "aws:SourceVpce"
                  }
                ],
                "effect": "Allow",
                "not_actions": [],
                "not_principals": [],
                "not_resources": [],
                "principals": [
                  {
                    "identifiers": [
                      "*"
                    ],
                    "type": "AWS"
                  }
                ],
                "resources": [
                  "arn:aws:s3:::cookalone-s3-bucket",
                  "arn:aws:s3:::cookalone-s3-bucket/*"
                ],
                "sid": "allow access from endpoint"
              }
            ],
            "version": "2012-10-17"
          },
          "sensitive_attributes": []
        }
      ]
    },
    {
      "module": "module.s3",
      "mode": "managed",
      "type": "aws_s3_bucket",
      "name": "cookalone-s3",
      "provider": "provider[\"registry.terraform.io/hashicorp/aws\"]",
      "instances": [
        {
          "schema_version": 0,
          "attributes": {
            "acceleration_status": "",
            "acl": null,
            "arn": "arn:aws:s3:::cookalone-s3-bucket",
            "bucket": "cookalone-s3-bucket",
            "bucket_domain_name": "cookalone-s3-bucket.s3.amazonaws.com",
            "bucket_prefix": null,
            "bucket_regional_domain_name": "cookalone-s3-bucket.s3.ap-south-1.amazonaws.com",
            "cors_rule": [],
            "force_destroy": false,
            "grant": [
              {
                "id": "91a20736f156e286340d8da67bc4c2d6d10819dd1d3c4e87f732df8b8c7d3f5e",
                "permissions": [
                  "FULL_CONTROL"
                ],
                "type": "CanonicalUser",
                "uri": ""
              }
            ],
            "hosted_zone_id": "Z11RGJOFQNVJUP",
            "id": "cookalone-s3-bucket",
            "lifecycle_rule": [
              {
                "abort_incomplete_multipart_upload_days": 0,
                "enabled": true,
                "expiration": [
                  {
                    "date": "",
                    "days": 180,
                    "expired_object_delete_marker": false
                  }
                ],
                "id": "img",
                "noncurrent_version_expiration": [],
                "noncurrent_version_transition": [],
                "prefix": "image/",
                "tags": {},
                "transition": []
              }
            ],
            "logging": [],
            "object_lock_configuration": [],
            "object_lock_enabled": false,
            "policy": "{\"Version\":\"2012-10-17\",\"Statement\":[{\"Sid\":\"allow access from endpoint\",\"Effect\":\"Allow\",\"Principal\":{\"AWS\":\"*\"},\"Action\":\"s3:*\",\"Resource\":[\"arn:aws:s3:::cookalone-s3-bucket/*\",\"arn:aws:s3:::cookalone-s3-bucket\"],\"Condition\":{\"StringEquals\":{\"aws:SourceVpce\":\"vpce-0d7e5e3f0fcc1c9e0\"}}}]}",
            "region": "ap-south-1",
            "replication_configuration": [],
            "request_payer": "BucketOwner",
            "server_side_encryption_configuration": [],
            "tags": {},
            "tags_all": {},
            "timeouts": null,
            "versioning": [
              {
                "enabled": false,
                "mfa_delete": false
              }
            ],
            "website": [],
            "website_domain": null,
            "website_endpoint": null
          },
          "sensitive_attributes": [],
          "private": "eyJlMmJmYjczMC1lY2FhLTExZTYtOGY4OC0zNDM2M2JjN2M0YzAiOnsiY3JlYXRlIjoxMjAwMDAwMDAwMDAwLCJkZWxldGUiOjM2MDAwMDAwMDAwMDAsInJlYWQiOjEyMDAwMDAwMDAwMDAsInVwZGF0ZSI6MTIwMDAwMDAwMDAwMH19"
        }
      ]
    },
    {
      "module": "module.s3",
      "mode": "managed",
      "type": "aws_s3_bucket_acl",
      "name": "cookalone-s3_acl",
      "provider": "provider[\"registry.terraform.io/hashicorp/aws\"]",
      "instances": [
        {
          "schema_version": 0,
          "attributes": {
            "access_control_policy": [
              {
                "grant": [
                  {
                    "grantee": [
                      {
                        "display_name": "",
                        "email_address": "",
                        "id": "91a20736f156e286340d8da67bc4c2d6d10819dd1d3c4e87f732df8b8c7d3f5e",
                        "type": "CanonicalUser",
                        "uri": ""
                      }
                    ],
                    "permission": "FULL_CONTROL"
                  }
                ],
                "owner": [
                  {
                    "display_name": "",
                    "id": "91a20736f156e286340d8da67bc4c2d6d10819dd1d3c4e87f732df8b8c7d3f5e"
                  }
                ]
              }
            ],
            "acl": "private",
            "bucket": "cookalone-s3-bucket",
            "expected_bucket_owner": "",
            "id": "cookalone-s3-bucket,private"
          },
          "sensitive_attributes": [],
          "private": "bnVsbA==",
          "dependencies": [
            "module.s3.aws_s3_bucket.cookalone-s3"
          ]
        }
      ]
    },
    {
      "module": "module.s3",
      "mode": "managed",
      "type": "aws_s3_bucket_lifecycle_configuration",
      "name": "cookalone-s3-lifecycle",
      "provider": "provider[\"registry.terraform.io/hashicorp/aws\"]",
      "instances": [
        {
          "schema_version": 0,
          "attributes": {
            "bucket": "cookalone-s3-bucket",
            "expected_bucket_owner": "",
            "id": "cookalone-s3-bucket",
            "rule": [
              {
                "abort_incomplete_multipart_upload": [],
                "expiration": [
                  {
                    "date": "",
                    "days": 180,
                    "expired_object_delete_marker": false
                  }
                ],
                "filter": [
                  {
                    "and": [],
                    "object_size_greater_than": "",
                    "object_size_less_than": "",
                    "prefix": "image/",
                    "tag": []
                  }
                ],
                "id": "img",
                "noncurrent_version_expiration": [],
                "noncurrent_version_transition": [],
                "prefix": "",
                "status": "Enabled",
                "transition": []
              }
            ]
          },
          "sensitive_attributes": [],
          "private": "bnVsbA==",
          "dependencies": [
            "module.s3.aws_s3_bucket.cookalone-s3"
          ]
        }
      ]
    },
    {
      "module": "module.s3",
      "mode": "managed",
      "type": "aws_s3_bucket_policy",
      "name": "allow_access_from_endpoint",
      "provider": "provider[\"registry.terraform.io/hashicorp/aws\"]",
      "instances": [
        {
          "schema_version": 0,
          "attributes": {
            "bucket": "cookalone-s3-bucket",
            "id": "cookalone-s3-bucket",
            "policy": "{\"Statement\":[{\"Action\":\"s3:*\",\"Condition\":{\"StringEquals\":{\"aws:SourceVpce\":\"vpce-0d7e5e3f0fcc1c9e0\"}},\"Effect\":\"Allow\",\"Principal\":{\"AWS\":\"*\"},\"Resource\":[\"arn:aws:s3:::cookalone-s3-bucket/*\",\"arn:aws:s3:::cookalone-s3-bucket\"],\"Sid\":\"allow access from endpoint\"}],\"Version\":\"2012-10-17\"}"
          },
          "sensitive_attributes": [],
          "private": "bnVsbA==",
          "dependencies": [
            "module.s3.aws_s3_bucket.cookalone-s3",
            "module.s3.data.aws_iam_policy_document.allow_access_from_endpoint_doc"
          ]
        }
      ]
    },
    {
      "module": "module.s3",
      "mode": "managed",
      "type": "aws_s3_bucket_versioning",
      "name": "s3_versioning",
      "provider": "provider[\"registry.terraform.io/hashicorp/aws\"]",
      "instances": [
        {
          "schema_version": 0,
          "attributes": {
            "bucket": "cookalone-s3-bucket",
            "expected_bucket_owner": "",
            "id": "cookalone-s3-bucket",
            "mfa": null,
            "versioning_configuration": [
              {
                "mfa_delete": "",
                "status": "Disabled"
              }
            ]
          },
          "sensitive_attributes": [],
          "private": "bnVsbA==",
          "dependencies": [
            "module.s3.aws_s3_bucket.cookalone-s3"
          ]
        }
      ]
    }
  ],
  "check_results": []
}
